
Microsoft Visual Studio Solution File, Format Version 12.00
# Visual Studio 2012
Project("{FAE04EC0-301F-11D3-BF4B-00C04F79EFBC}") = "Website", "Website\Website.csproj", "{958E5621-1D90-40FD-8CAF-34906B54CB4C}"
EndProject
Project("{FAE04EC0-301F-11D3-BF4B-00C04F79EFBC}") = "Windows8App", "Win8App\Windows8App.csproj", "{682112A5-CCEA-44A6-8D47-E4BB0B41EAFD}"
EndProject
Project("{FAE04EC0-301F-11D3-BF4B-00C04F79EFBC}") = "MvcApplication1", "MvcApplication1\MvcApplication1.csproj", "{E4AC53C4-BDC5-4977-A8C5-51E18ECFA5B1}"
EndProject
Project("{2150E333-8FDC-42A3-9474-1A3956D46DE8}") = "HTML Client", "HTML Client", "{3EDCB316-2032-48AF-8BD3-5D448AA58024}"
	ProjectSection(SolutionItems) = preProject
		..\HTML Client\app.js = ..\HTML Client\app.js
		..\HTML Client\app1.js = ..\HTML Client\app1.js
		..\HTML Client\index.html = ..\HTML Client\index.html
		..\HTML Client\Index_feedback.htm = ..\HTML Client\Index_feedback.htm
	EndProjectSection
EndProject
Global
	GlobalSection(SolutionConfigurationPlatforms) = preSolution
		Debug|Any CPU = Debug|Any CPU
		Debug|ARM = Debug|ARM
		Debug|x64 = Debug|x64
		Debug|x86 = Debug|x86
		Release|Any CPU = Release|Any CPU
		Release|ARM = Release|ARM
		Release|x64 = Release|x64
		Release|x86 = Release|x86
	EndGlobalSection
	GlobalSection(ProjectConfigurationPlatforms) = postSolution
		{958E5621-1D90-40FD-8CAF-34906B54CB4C}.Debug|Any CPU.ActiveCfg = Debug|Any CPU
		{958E5621-1D90-40FD-8CAF-34906B54CB4C}.Debug|Any CPU.Build.0 = Debug|Any CPU
		{958E5621-1D90-40FD-8CAF-34906B54CB4C}.Debug|ARM.ActiveCfg = Debug|Any CPU
		{958E5621-1D90-40FD-8CAF-34906B54CB4C}.Debug|x64.ActiveCfg = Debug|Any CPU
		{958E5621-1D90-40FD-8CAF-34906B54CB4C}.Debug|x86.ActiveCfg = Debug|Any CPU
		{958E5621-1D90-40FD-8CAF-34906B54CB4C}.Release|Any CPU.ActiveCfg = Release|Any CPU
		{958E5621-1D90-40FD-8CAF-34906B54CB4C}.Release|Any CPU.Build.0 = Release|Any CPU
		{958E5621-1D90-40FD-8CAF-34906B54CB4C}.Release|ARM.ActiveCfg = Release|Any CPU
		{958E5621-1D90-40FD-8CAF-34906B54CB4C}.Release|x64.ActiveCfg = Release|Any CPU
		{958E5621-1D90-40FD-8CAF-34906B54CB4C}.Release|x86.ActiveCfg = Release|Any CPU
		{682112A5-CCEA-44A6-8D47-E4BB0B41EAFD}.Debug|Any CPU.ActiveCfg = Debug|Any CPU
		{682112A5-CCEA-44A6-8D47-E4BB0B41EAFD}.Debug|Any CPU.Build.0 = Debug|Any CPU
		{682112A5-CCEA-44A6-8D47-E4BB0B41EAFD}.Debug|Any CPU.Deploy.0 = Debug|Any CPU
		{682112A5-CCEA-44A6-8D47-E4BB0B41EAFD}.Debug|ARM.ActiveCfg = Debug|ARM
		{682112A5-CCEA-44A6-8D47-E4BB0B41EAFD}.Debug|ARM.Build.0 = Debug|ARM
		{682112A5-CCEA-44A6-8D47-E4BB0B41EAFD}.Debug|ARM.Deploy.0 = Debug|ARM
		{682112A5-CCEA-44A6-8D47-E4BB0B41EAFD}.Debug|x64.ActiveCfg = Debug|x64
		{682112A5-CCEA-44A6-8D47-E4BB0B41EAFD}.Debug|x64.Build.0 = Debug|x64
		{682112A5-CCEA-44A6-8D47-E4BB0B41EAFD}.Debug|x64.Deploy.0 = Debug|x64
		{682112A5-CCEA-44A6-8D47-E4BB0B41EAFD}.Debug|x86.ActiveCfg = Debug|x86
		{682112A5-CCEA-44A6-8D47-E4BB0B41EAFD}.Debug|x86.Build.0 = Debug|x86
		{682112A5-CCEA-44A6-8D47-E4BB0B41EAFD}.Debug|x86.Deploy.0 = Debug|x86
		{682112A5-CCEA-44A6-8D47-E4BB0B41EAFD}.Release|Any CPU.ActiveCfg = Release|Any CPU
		{682112A5-CCEA-44A6-8D47-E4BB0B41EAFD}.Release|Any CPU.Build.0 = Release|Any CPU
		{682112A5-CCEA-44A6-8D47-E4BB0B41EAFD}.Release|Any CPU.Deploy.0 = Release|Any CPU
		{682112A5-CCEA-44A6-8D47-E4BB0B41EAFD}.Release|ARM.ActiveCfg = Release|ARM
		{682112A5-CCEA-44A6-8D47-E4BB0B41EAFD}.Release|ARM.Build.0 = Release|ARM
		{682112A5-CCEA-44A6-8D47-E4BB0B41EAFD}.Release|ARM.Deploy.0 = Release|ARM
		{682112A5-CCEA-44A6-8D47-E4BB0B41EAFD}.Release|x64.ActiveCfg = Release|x64
		{682112A5-CCEA-44A6-8D47-E4BB0B41EAFD}.Release|x64.Build.0 = Release|x64
		{682112A5-CCEA-44A6-8D47-E4BB0B41EAFD}.Release|x64.Deploy.0 = Release|x64
		{682112A5-CCEA-44A6-8D47-E4BB0B41EAFD}.Release|x86.ActiveCfg = Release|x86
		{682112A5-CCEA-44A6-8D47-E4BB0B41EAFD}.Release|x86.Build.0 = Release|x86
		{682112A5-CCEA-44A6-8D47-E4BB0B41EAFD}.Release|x86.Deploy.0 = Release|x86
		{E4AC53C4-BDC5-4977-A8C5-51E18ECFA5B1}.Debug|Any CPU.ActiveCfg = Debug|Any CPU
		{E4AC53C4-BDC5-4977-A8C5-51E18ECFA5B1}.Debug|Any CPU.Build.0 = Debug|Any CPU
		{E4AC53C4-BDC5-4977-A8C5-51E18ECFA5B1}.Debug|ARM.ActiveCfg = Debug|Any CPU
		{E4AC53C4-BDC5-4977-A8C5-51E18ECFA5B1}.Debug|x64.ActiveCfg = Debug|Any CPU
		{E4AC53C4-BDC5-4977-A8C5-51E18ECFA5B1}.Debug|x86.ActiveCfg = Debug|Any CPU
		{E4AC53C4-BDC5-4977-A8C5-51E18ECFA5B1}.Release|Any CPU.ActiveCfg = Release|Any CPU
		{E4AC53C4-BDC5-4977-A8C5-51E18ECFA5B1}.Release|Any CPU.Build.0 = Release|Any CPU
		{E4AC53C4-BDC5-4977-A8C5-51E18ECFA5B1}.Release|ARM.ActiveCfg = Release|Any CPU
		{E4AC53C4-BDC5-4977-A8C5-51E18ECFA5B1}.Release|x64.ActiveCfg = Release|Any CPU
		{E4AC53C4-BDC5-4977-A8C5-51E18ECFA5B1}.Release|x86.ActiveCfg = Release|Any CPU
	EndGlobalSection
	GlobalSection(SolutionProperties) = preSolution
		HideSolutionNode = FALSE
	EndGlobalSection
EndGlobal
